
Microsoft Visual Studio Solution File, Format Version 12.00
# Visual Studio Version 17
VisualStudioVersion = 17.14.36414.22
MinimumVisualStudioVersion = 10.0.40219.1
Project("{FAE04EC0-301F-11D3-BF4B-00C04F79EFBC}") = "Bookstore.API", "Bookstore.API\Bookstore.API.csproj", "{491A1D85-8F4A-466D-8B58-E4C5D4460FA2}"
EndProject
Project("{2150E333-8FDC-42A3-9474-1A3956D46DE8}") = "src", "src", "{02EA681E-C7D8-13C7-8484-4AC65E1B71E8}"
EndProject
Project("{2150E333-8FDC-42A3-9474-1A3956D46DE8}") = "tests", "tests", "{1521E9D2-D1F2-450F-88FA-BE6E7694A77C}"
EndProject
Project("{2150E333-8FDC-42A3-9474-1A3956D46DE8}") = "build", "build", "{E819E448-D689-4D4A-A680-896EB20D31B8}"
EndProject
Project("{2150E333-8FDC-42A3-9474-1A3956D46DE8}") = "docs", "docs", "{BB41F77B-FE88-464E-9A6E-775DE918766A}"
EndProject
Project("{2150E333-8FDC-42A3-9474-1A3956D46DE8}") = "tools", "tools", "{0D95AF53-F619-4524-A423-174996966737}"
EndProject
Project("{2150E333-8FDC-42A3-9474-1A3956D46DE8}") = "solution items", "solution items", "{98BAF646-A3B1-407C-A4EB-AB6F133954B6}"
EndProject
Project("{2150E333-8FDC-42A3-9474-1A3956D46DE8}") = "Domain", "Domain", "{ABC88294-459B-4C4A-854F-2EBD9918DC83}"
EndProject
Project("{2150E333-8FDC-42A3-9474-1A3956D46DE8}") = "Presentation", "Presentation", "{9447FC17-11D8-4626-A872-D7FA6A7247B9}"
EndProject
Project("{2150E333-8FDC-42A3-9474-1A3956D46DE8}") = "Infrastrcuture", "Infrastrcuture", "{DF96C9EE-84E1-477A-93C0-6A9925FFC311}"
EndProject
Project("{2150E333-8FDC-42A3-9474-1A3956D46DE8}") = "Application", "Application", "{471B7214-B664-4505-977E-A7A0A96896CA}"
EndProject
Project("{FAE04EC0-301F-11D3-BF4B-00C04F79EFBC}") = "Domain", "Domain\Domain.csproj", "{9E5D3BFC-D1AC-48CF-96E2-6ECDB0E2E4A1}"
EndProject
Project("{FAE04EC0-301F-11D3-BF4B-00C04F79EFBC}") = "Infrastructure", "Infratestructure\Infrastructure.csproj", "{DD2FD852-5A9F-480C-B818-70DF9D019E82}"
EndProject
Project("{FAE04EC0-301F-11D3-BF4B-00C04F79EFBC}") = "Application", "Application\Application.csproj", "{9C83DFFD-928B-4126-A263-7D44A91176A8}"
EndProject
Global
	GlobalSection(SolutionConfigurationPlatforms) = preSolution
		Debug|Any CPU = Debug|Any CPU
		Release|Any CPU = Release|Any CPU
	EndGlobalSection
	GlobalSection(ProjectConfigurationPlatforms) = postSolution
		{491A1D85-8F4A-466D-8B58-E4C5D4460FA2}.Debug|Any CPU.ActiveCfg = Debug|Any CPU
		{491A1D85-8F4A-466D-8B58-E4C5D4460FA2}.Debug|Any CPU.Build.0 = Debug|Any CPU
		{491A1D85-8F4A-466D-8B58-E4C5D4460FA2}.Release|Any CPU.ActiveCfg = Release|Any CPU
		{491A1D85-8F4A-466D-8B58-E4C5D4460FA2}.Release|Any CPU.Build.0 = Release|Any CPU
		{9E5D3BFC-D1AC-48CF-96E2-6ECDB0E2E4A1}.Debug|Any CPU.ActiveCfg = Debug|Any CPU
		{9E5D3BFC-D1AC-48CF-96E2-6ECDB0E2E4A1}.Debug|Any CPU.Build.0 = Debug|Any CPU
		{9E5D3BFC-D1AC-48CF-96E2-6ECDB0E2E4A1}.Release|Any CPU.ActiveCfg = Release|Any CPU
		{9E5D3BFC-D1AC-48CF-96E2-6ECDB0E2E4A1}.Release|Any CPU.Build.0 = Release|Any CPU
		{DD2FD852-5A9F-480C-B818-70DF9D019E82}.Debug|Any CPU.ActiveCfg = Debug|Any CPU
		{DD2FD852-5A9F-480C-B818-70DF9D019E82}.Debug|Any CPU.Build.0 = Debug|Any CPU
		{DD2FD852-5A9F-480C-B818-70DF9D019E82}.Release|Any CPU.ActiveCfg = Release|Any CPU
		{DD2FD852-5A9F-480C-B818-70DF9D019E82}.Release|Any CPU.Build.0 = Release|Any CPU
		{9C83DFFD-928B-4126-A263-7D44A91176A8}.Debug|Any CPU.ActiveCfg = Debug|Any CPU
		{9C83DFFD-928B-4126-A263-7D44A91176A8}.Debug|Any CPU.Build.0 = Debug|Any CPU
		{9C83DFFD-928B-4126-A263-7D44A91176A8}.Release|Any CPU.ActiveCfg = Release|Any CPU
		{9C83DFFD-928B-4126-A263-7D44A91176A8}.Release|Any CPU.Build.0 = Release|Any CPU
	EndGlobalSection
	GlobalSection(SolutionProperties) = preSolution
		HideSolutionNode = FALSE
	EndGlobalSection
	GlobalSection(NestedProjects) = preSolution
		{491A1D85-8F4A-466D-8B58-E4C5D4460FA2} = {9447FC17-11D8-4626-A872-D7FA6A7247B9}
		{ABC88294-459B-4C4A-854F-2EBD9918DC83} = {02EA681E-C7D8-13C7-8484-4AC65E1B71E8}
		{9447FC17-11D8-4626-A872-D7FA6A7247B9} = {02EA681E-C7D8-13C7-8484-4AC65E1B71E8}
		{DF96C9EE-84E1-477A-93C0-6A9925FFC311} = {02EA681E-C7D8-13C7-8484-4AC65E1B71E8}
		{471B7214-B664-4505-977E-A7A0A96896CA} = {02EA681E-C7D8-13C7-8484-4AC65E1B71E8}
		{9E5D3BFC-D1AC-48CF-96E2-6ECDB0E2E4A1} = {ABC88294-459B-4C4A-854F-2EBD9918DC83}
		{DD2FD852-5A9F-480C-B818-70DF9D019E82} = {DF96C9EE-84E1-477A-93C0-6A9925FFC311}
		{9C83DFFD-928B-4126-A263-7D44A91176A8} = {471B7214-B664-4505-977E-A7A0A96896CA}
	EndGlobalSection
	GlobalSection(ExtensibilityGlobals) = postSolution
		SolutionGuid = {B7438197-BC9D-4732-9BA5-7BD4067C3DC1}
	EndGlobalSection
EndGlobal
